
Microsoft Visual Studio Solution File, Format Version 12.00
# Visual Studio Version 17
VisualStudioVersion = 17.5.002.0
MinimumVisualStudioVersion = 10.0.40219.1
Project("{2150E333-8FDC-42A3-9474-1A3956D46DE8}") = "csharp-prep", "csharp-prep", "{D888A1EB-C2C1-4092-96F5-D2BE2ACCD4DF}"
EndProject
Project("{9A19103F-16F7-4668-BE54-9A1E7A4F7556}") = "Prep1", "csharp-prep\Prep1\Prep1.csproj", "{3EF08F11-6350-43E6-9238-4FCAF5199CED}"
EndProject
Project("{9A19103F-16F7-4668-BE54-9A1E7A4F7556}") = "Prep2", "csharp-prep\Prep2\Prep2.csproj", "{8B22F6F3-46E8-46F8-9DE0-70582B6BA53D}"
EndProject
Project("{9A19103F-16F7-4668-BE54-9A1E7A4F7556}") = "Prep3", "csharp-prep\Prep3\Prep3.csproj", "{C63BEA07-6E40-4EC4-9FB3-B86697B562A8}"
EndProject
Project("{9A19103F-16F7-4668-BE54-9A1E7A4F7556}") = "Prep4", "csharp-prep\Prep4\Prep4.csproj", "{A1166A34-42D2-41AD-AF28-B7960546737C}"
EndProject
Project("{9A19103F-16F7-4668-BE54-9A1E7A4F7556}") = "Prep5", "csharp-prep\Prep5\Prep5.csproj", "{9AADDE7F-4F85-425D-BA34-6EB531A90DA2}"
EndProject
Project("{2150E333-8FDC-42A3-9474-1A3956D46DE8}") = "final", "final", "{879E1C59-E78A-47CA-A227-5DCB2B7CA606}"
EndProject
Project("{9A19103F-16F7-4668-BE54-9A1E7A4F7556}") = "FinalProject", "final\FinalProject\FinalProject.csproj", "{BF1085B7-23F9-483D-BB86-D2FEDC0A71C7}"
EndProject
Project("{9A19103F-16F7-4668-BE54-9A1E7A4F7556}") = "Foundation1", "final\Foundation1\Foundation1.csproj", "{8208AF10-A2FE-43B7-977A-4A6DDC4D0F28}"
EndProject
Project("{9A19103F-16F7-4668-BE54-9A1E7A4F7556}") = "Foundation2", "final\Foundation2\Foundation2.csproj", "{242010A2-7617-40E5-9A72-83F1B48D98D8}"
EndProject
Project("{9A19103F-16F7-4668-BE54-9A1E7A4F7556}") = "Foundation3", "final\Foundation3\Foundation3.csproj", "{E3917B6E-EDA8-4B35-A230-DB8B54F8652B}"
EndProject
Project("{9A19103F-16F7-4668-BE54-9A1E7A4F7556}") = "Foundation4", "final\Foundation4\Foundation4.csproj", "{7C148025-FF5E-4A2F-8A0C-505FE5E3C24E}"
EndProject
Project("{2150E333-8FDC-42A3-9474-1A3956D46DE8}") = "prepare", "prepare", "{7497F7CD-6D7F-437A-819D-7B929671EE64}"
EndProject
Project("{9A19103F-16F7-4668-BE54-9A1E7A4F7556}") = "Learning02", "prepare\Learning02\Learning02.csproj", "{9E5439FB-C782-4420-A87E-D7BE3C5374F7}"
EndProject
Project("{9A19103F-16F7-4668-BE54-9A1E7A4F7556}") = "Learning03", "prepare\Learning03\Learning03.csproj", "{F919D04B-00E3-44A1-BF0D-2B55251F41D3}"
EndProject
Project("{9A19103F-16F7-4668-BE54-9A1E7A4F7556}") = "Learning04", "prepare\Learning04\Learning04.csproj", "{73381406-E3B8-4F75-B47E-5DC8DA1CC6E5}"
EndProject
Project("{9A19103F-16F7-4668-BE54-9A1E7A4F7556}") = "Learning05", "prepare\Learning05\Learning05.csproj", "{E70B8CE2-61FB-4F4B-AD12-C9FB55CDD4AF}"
EndProject
Project("{2150E333-8FDC-42A3-9474-1A3956D46DE8}") = "prove", "prove", "{3DA17308-4F8B-452B-8F04-AE4264BE0737}"
EndProject
Project("{9A19103F-16F7-4668-BE54-9A1E7A4F7556}") = "Develop02", "prove\Develop02\Develop02.csproj", "{5AF11847-14C2-46AF-81E3-69F8FCA5C123}"
EndProject
Project("{9A19103F-16F7-4668-BE54-9A1E7A4F7556}") = "Develop03", "prove\Develop03\Develop03.csproj", "{E0131981-0A80-406B-801B-2A0F936A14AC}"
EndProject
Project("{9A19103F-16F7-4668-BE54-9A1E7A4F7556}") = "Develop04", "prove\Develop04\Develop04.csproj", "{2E60F71E-6F29-486D-8B42-6864403DF428}"
EndProject
Project("{9A19103F-16F7-4668-BE54-9A1E7A4F7556}") = "Develop05", "prove\Develop05\Develop05.csproj", "{7A142352-EC3D-4E4D-81AB-5A49FDC33A81}"
EndProject
Project("{2150E333-8FDC-42A3-9474-1A3956D46DE8}") = "sandbox", "sandbox", "{43032224-0075-445B-8C3B-C85FD8438006}"
EndProject
Project("{9A19103F-16F7-4668-BE54-9A1E7A4F7556}") = "Sandbox", "sandbox\Sandbox\Sandbox.csproj", "{B363B12B-00EB-405C-BB4B-5721EB603267}"
EndProject
Global
	GlobalSection(SolutionConfigurationPlatforms) = preSolution
		Debug|Any CPU = Debug|Any CPU
		Release|Any CPU = Release|Any CPU
	EndGlobalSection
	GlobalSection(ProjectConfigurationPlatforms) = postSolution
		{3EF08F11-6350-43E6-9238-4FCAF5199CED}.Debug|Any CPU.ActiveCfg = Debug|Any CPU
		{3EF08F11-6350-43E6-9238-4FCAF5199CED}.Debug|Any CPU.Build.0 = Debug|Any CPU
		{3EF08F11-6350-43E6-9238-4FCAF5199CED}.Release|Any CPU.ActiveCfg = Release|Any CPU
		{3EF08F11-6350-43E6-9238-4FCAF5199CED}.Release|Any CPU.Build.0 = Release|Any CPU
		{8B22F6F3-46E8-46F8-9DE0-70582B6BA53D}.Debug|Any CPU.ActiveCfg = Debug|Any CPU
		{8B22F6F3-46E8-46F8-9DE0-70582B6BA53D}.Debug|Any CPU.Build.0 = Debug|Any CPU
		{8B22F6F3-46E8-46F8-9DE0-70582B6BA53D}.Release|Any CPU.ActiveCfg = Release|Any CPU
		{8B22F6F3-46E8-46F8-9DE0-70582B6BA53D}.Release|Any CPU.Build.0 = Release|Any CPU
		{C63BEA07-6E40-4EC4-9FB3-B86697B562A8}.Debug|Any CPU.ActiveCfg = Debug|Any CPU
		{C63BEA07-6E40-4EC4-9FB3-B86697B562A8}.Debug|Any CPU.Build.0 = Debug|Any CPU
		{C63BEA07-6E40-4EC4-9FB3-B86697B562A8}.Release|Any CPU.ActiveCfg = Release|Any CPU
		{C63BEA07-6E40-4EC4-9FB3-B86697B562A8}.Release|Any CPU.Build.0 = Release|Any CPU
		{A1166A34-42D2-41AD-AF28-B7960546737C}.Debug|Any CPU.ActiveCfg = Debug|Any CPU
		{A1166A34-42D2-41AD-AF28-B7960546737C}.Debug|Any CPU.Build.0 = Debug|Any CPU
		{A1166A34-42D2-41AD-AF28-B7960546737C}.Release|Any CPU.ActiveCfg = Release|Any CPU
		{A1166A34-42D2-41AD-AF28-B7960546737C}.Release|Any CPU.Build.0 = Release|Any CPU
		{9AADDE7F-4F85-425D-BA34-6EB531A90DA2}.Debug|Any CPU.ActiveCfg = Debug|Any CPU
		{9AADDE7F-4F85-425D-BA34-6EB531A90DA2}.Debug|Any CPU.Build.0 = Debug|Any CPU
		{9AADDE7F-4F85-425D-BA34-6EB531A90DA2}.Release|Any CPU.ActiveCfg = Release|Any CPU
		{9AADDE7F-4F85-425D-BA34-6EB531A90DA2}.Release|Any CPU.Build.0 = Release|Any CPU
		{BF1085B7-23F9-483D-BB86-D2FEDC0A71C7}.Debug|Any CPU.ActiveCfg = Debug|Any CPU
		{BF1085B7-23F9-483D-BB86-D2FEDC0A71C7}.Debug|Any CPU.Build.0 = Debug|Any CPU
		{BF1085B7-23F9-483D-BB86-D2FEDC0A71C7}.Release|Any CPU.ActiveCfg = Release|Any CPU
		{BF1085B7-23F9-483D-BB86-D2FEDC0A71C7}.Release|Any CPU.Build.0 = Release|Any CPU
		{8208AF10-A2FE-43B7-977A-4A6DDC4D0F28}.Debug|Any CPU.ActiveCfg = Debug|Any CPU
		{8208AF10-A2FE-43B7-977A-4A6DDC4D0F28}.Debug|Any CPU.Build.0 = Debug|Any CPU
		{8208AF10-A2FE-43B7-977A-4A6DDC4D0F28}.Release|Any CPU.ActiveCfg = Release|Any CPU
		{8208AF10-A2FE-43B7-977A-4A6DDC4D0F28}.Release|Any CPU.Build.0 = Release|Any CPU
		{242010A2-7617-40E5-9A72-83F1B48D98D8}.Debug|Any CPU.ActiveCfg = Debug|Any CPU
		{242010A2-7617-40E5-9A72-83F1B48D98D8}.Debug|Any CPU.Build.0 = Debug|Any CPU
		{242010A2-7617-40E5-9A72-83F1B48D98D8}.Release|Any CPU.ActiveCfg = Release|Any CPU
		{242010A2-7617-40E5-9A72-83F1B48D98D8}.Release|Any CPU.Build.0 = Release|Any CPU
		{E3917B6E-EDA8-4B35-A230-DB8B54F8652B}.Debug|Any CPU.ActiveCfg = Debug|Any CPU
		{E3917B6E-EDA8-4B35-A230-DB8B54F8652B}.Debug|Any CPU.Build.0 = Debug|Any CPU
		{E3917B6E-EDA8-4B35-A230-DB8B54F8652B}.Release|Any CPU.ActiveCfg = Release|Any CPU
		{E3917B6E-EDA8-4B35-A230-DB8B54F8652B}.Release|Any CPU.Build.0 = Release|Any CPU
		{7C148025-FF5E-4A2F-8A0C-505FE5E3C24E}.Debug|Any CPU.ActiveCfg = Debug|Any CPU
		{7C148025-FF5E-4A2F-8A0C-505FE5E3C24E}.Debug|Any CPU.Build.0 = Debug|Any CPU
		{7C148025-FF5E-4A2F-8A0C-505FE5E3C24E}.Release|Any CPU.ActiveCfg = Release|Any CPU
		{7C148025-FF5E-4A2F-8A0C-505FE5E3C24E}.Release|Any CPU.Build.0 = Release|Any CPU
		{9E5439FB-C782-4420-A87E-D7BE3C5374F7}.Debug|Any CPU.ActiveCfg = Debug|Any CPU
		{9E5439FB-C782-4420-A87E-D7BE3C5374F7}.Debug|Any CPU.Build.0 = Debug|Any CPU
		{9E5439FB-C782-4420-A87E-D7BE3C5374F7}.Release|Any CPU.ActiveCfg = Release|Any CPU
		{9E5439FB-C782-4420-A87E-D7BE3C5374F7}.Release|Any CPU.Build.0 = Release|Any CPU
		{F919D04B-00E3-44A1-BF0D-2B55251F41D3}.Debug|Any CPU.ActiveCfg = Debug|Any CPU
		{F919D04B-00E3-44A1-BF0D-2B55251F41D3}.Debug|Any CPU.Build.0 = Debug|Any CPU
		{F919D04B-00E3-44A1-BF0D-2B55251F41D3}.Release|Any CPU.ActiveCfg = Release|Any CPU
		{F919D04B-00E3-44A1-BF0D-2B55251F41D3}.Release|Any CPU.Build.0 = Release|Any CPU
		{73381406-E3B8-4F75-B47E-5DC8DA1CC6E5}.Debug|Any CPU.ActiveCfg = Debug|Any CPU
		{73381406-E3B8-4F75-B47E-5DC8DA1CC6E5}.Debug|Any CPU.Build.0 = Debug|Any CPU
		{73381406-E3B8-4F75-B47E-5DC8DA1CC6E5}.Release|Any CPU.ActiveCfg = Release|Any CPU
		{73381406-E3B8-4F75-B47E-5DC8DA1CC6E5}.Release|Any CPU.Build.0 = Release|Any CPU
		{E70B8CE2-61FB-4F4B-AD12-C9FB55CDD4AF}.Debug|Any CPU.ActiveCfg = Debug|Any CPU
		{E70B8CE2-61FB-4F4B-AD12-C9FB55CDD4AF}.Debug|Any CPU.Build.0 = Debug|Any CPU
		{E70B8CE2-61FB-4F4B-AD12-C9FB55CDD4AF}.Release|Any CPU.ActiveCfg = Release|Any CPU
		{E70B8CE2-61FB-4F4B-AD12-C9FB55CDD4AF}.Release|Any CPU.Build.0 = Release|Any CPU
		{5AF11847-14C2-46AF-81E3-69F8FCA5C123}.Debug|Any CPU.ActiveCfg = Debug|Any CPU
		{5AF11847-14C2-46AF-81E3-69F8FCA5C123}.Debug|Any CPU.Build.0 = Debug|Any CPU
		{5AF11847-14C2-46AF-81E3-69F8FCA5C123}.Release|Any CPU.ActiveCfg = Release|Any CPU
		{5AF11847-14C2-46AF-81E3-69F8FCA5C123}.Release|Any CPU.Build.0 = Release|Any CPU
		{E0131981-0A80-406B-801B-2A0F936A14AC}.Debug|Any CPU.ActiveCfg = Debug|Any CPU
		{E0131981-0A80-406B-801B-2A0F936A14AC}.Debug|Any CPU.Build.0 = Debug|Any CPU
		{E0131981-0A80-406B-801B-2A0F936A14AC}.Release|Any CPU.ActiveCfg = Release|Any CPU
		{E0131981-0A80-406B-801B-2A0F936A14AC}.Release|Any CPU.Build.0 = Release|Any CPU
		{2E60F71E-6F29-486D-8B42-6864403DF428}.Debug|Any CPU.ActiveCfg = Debug|Any CPU
		{2E60F71E-6F29-486D-8B42-6864403DF428}.Debug|Any CPU.Build.0 = Debug|Any CPU
		{2E60F71E-6F29-486D-8B42-6864403DF428}.Release|Any CPU.ActiveCfg = Release|Any CPU
		{2E60F71E-6F29-486D-8B42-6864403DF428}.Release|Any CPU.Build.0 = Release|Any CPU
		{7A142352-EC3D-4E4D-81AB-5A49FDC33A81}.Debug|Any CPU.ActiveCfg = Debug|Any CPU
		{7A142352-EC3D-4E4D-81AB-5A49FDC33A81}.Debug|Any CPU.Build.0 = Debug|Any CPU
		{7A142352-EC3D-4E4D-81AB-5A49FDC33A81}.Release|Any CPU.ActiveCfg = Release|Any CPU
		{7A142352-EC3D-4E4D-81AB-5A49FDC33A81}.Release|Any CPU.Build.0 = Release|Any CPU
		{B363B12B-00EB-405C-BB4B-5721EB603267}.Debug|Any CPU.ActiveCfg = Debug|Any CPU
		{B363B12B-00EB-405C-BB4B-5721EB603267}.Debug|Any CPU.Build.0 = Debug|Any CPU
		{B363B12B-00EB-405C-BB4B-5721EB603267}.Release|Any CPU.ActiveCfg = Release|Any CPU
		{B363B12B-00EB-405C-BB4B-5721EB603267}.Release|Any CPU.Build.0 = Release|Any CPU
	EndGlobalSection
	GlobalSection(SolutionProperties) = preSolution
		HideSolutionNode = FALSE
	EndGlobalSection
	GlobalSection(NestedProjects) = preSolution
		{3EF08F11-6350-43E6-9238-4FCAF5199CED} = {D888A1EB-C2C1-4092-96F5-D2BE2ACCD4DF}
		{8B22F6F3-46E8-46F8-9DE0-70582B6BA53D} = {D888A1EB-C2C1-4092-96F5-D2BE2ACCD4DF}
		{C63BEA07-6E40-4EC4-9FB3-B86697B562A8} = {D888A1EB-C2C1-4092-96F5-D2BE2ACCD4DF}
		{A1166A34-42D2-41AD-AF28-B7960546737C} = {D888A1EB-C2C1-4092-96F5-D2BE2ACCD4DF}
		{9AADDE7F-4F85-425D-BA34-6EB531A90DA2} = {D888A1EB-C2C1-4092-96F5-D2BE2ACCD4DF}
		{BF1085B7-23F9-483D-BB86-D2FEDC0A71C7} = {879E1C59-E78A-47CA-A227-5DCB2B7CA606}
		{8208AF10-A2FE-43B7-977A-4A6DDC4D0F28} = {879E1C59-E78A-47CA-A227-5DCB2B7CA606}
		{242010A2-7617-40E5-9A72-83F1B48D98D8} = {879E1C59-E78A-47CA-A227-5DCB2B7CA606}
		{E3917B6E-EDA8-4B35-A230-DB8B54F8652B} = {879E1C59-E78A-47CA-A227-5DCB2B7CA606}
		{7C148025-FF5E-4A2F-8A0C-505FE5E3C24E} = {879E1C59-E78A-47CA-A227-5DCB2B7CA606}
		{9E5439FB-C782-4420-A87E-D7BE3C5374F7} = {7497F7CD-6D7F-437A-819D-7B929671EE64}
		{F919D04B-00E3-44A1-BF0D-2B55251F41D3} = {7497F7CD-6D7F-437A-819D-7B929671EE64}
		{73381406-E3B8-4F75-B47E-5DC8DA1CC6E5} = {7497F7CD-6D7F-437A-819D-7B929671EE64}
		{E70B8CE2-61FB-4F4B-AD12-C9FB55CDD4AF} = {7497F7CD-6D7F-437A-819D-7B929671EE64}
		{5AF11847-14C2-46AF-81E3-69F8FCA5C123} = {3DA17308-4F8B-452B-8F04-AE4264BE0737}
		{E0131981-0A80-406B-801B-2A0F936A14AC} = {3DA17308-4F8B-452B-8F04-AE4264BE0737}
		{2E60F71E-6F29-486D-8B42-6864403DF428} = {3DA17308-4F8B-452B-8F04-AE4264BE0737}
		{7A142352-EC3D-4E4D-81AB-5A49FDC33A81} = {3DA17308-4F8B-452B-8F04-AE4264BE0737}
		{B363B12B-00EB-405C-BB4B-5721EB603267} = {43032224-0075-445B-8C3B-C85FD8438006}
	EndGlobalSection
	GlobalSection(ExtensibilityGlobals) = postSolution
		SolutionGuid = {0A37DA74-4E5A-40C3-AB10-4F69E8EB861D}
	EndGlobalSection
EndGlobal
