
Microsoft Visual Studio Solution File, Format Version 12.00
# Visual Studio Version 17
VisualStudioVersion = 17.5.002.0
MinimumVisualStudioVersion = 10.0.40219.1
Project("{2150E333-8FDC-42A3-9474-1A3956D46DE8}") = "csharp-prep", "csharp-prep", "{244E88F4-DD41-4EBE-A9D6-0892BEBC7BC1}"
EndProject
Project("{9A19103F-16F7-4668-BE54-9A1E7A4F7556}") = "Prep1", "csharp-prep\Prep1\Prep1.csproj", "{98F493A6-3F07-4CE8-8983-11EC0411A700}"
EndProject
Project("{9A19103F-16F7-4668-BE54-9A1E7A4F7556}") = "Prep2", "csharp-prep\Prep2\Prep2.csproj", "{11D68812-24D8-4AEC-8CD0-21B36B5B79B8}"
EndProject
Project("{9A19103F-16F7-4668-BE54-9A1E7A4F7556}") = "Prep3", "csharp-prep\Prep3\Prep3.csproj", "{A2D32523-5691-4365-BC62-C5983DE78D8B}"
EndProject
Project("{9A19103F-16F7-4668-BE54-9A1E7A4F7556}") = "Prep4", "csharp-prep\Prep4\Prep4.csproj", "{8AB189E9-DE77-4865-9381-E749B07D4FDE}"
EndProject
Project("{9A19103F-16F7-4668-BE54-9A1E7A4F7556}") = "Prep5", "csharp-prep\Prep5\Prep5.csproj", "{BAECEFA6-E749-42E6-8AA9-D4AD343CDABE}"
EndProject
Project("{2150E333-8FDC-42A3-9474-1A3956D46DE8}") = "final", "final", "{CD75FDB6-4DD7-4C11-8207-FE609E5A53BF}"
EndProject
Project("{9A19103F-16F7-4668-BE54-9A1E7A4F7556}") = "FinalProject", "final\FinalProject\FinalProject.csproj", "{093CBA32-FF3D-41E7-9944-646C56DB7ACA}"
EndProject
Project("{9A19103F-16F7-4668-BE54-9A1E7A4F7556}") = "Foundation1", "final\Foundation1\Foundation1.csproj", "{D604E3FB-C3A7-47B6-9BB2-85B94BCD38C1}"
EndProject
Project("{9A19103F-16F7-4668-BE54-9A1E7A4F7556}") = "Foundation2", "final\Foundation2\Foundation2.csproj", "{3234C164-B8CF-468A-AF31-B6FC5C582BC9}"
EndProject
Project("{9A19103F-16F7-4668-BE54-9A1E7A4F7556}") = "Foundation3", "final\Foundation3\Foundation3.csproj", "{F1969594-E2D7-4354-A511-B735CFB2665C}"
EndProject
Project("{9A19103F-16F7-4668-BE54-9A1E7A4F7556}") = "Foundation4", "final\Foundation4\Foundation4.csproj", "{582A8E1A-80A6-44C5-A29F-006EC18D1EF4}"
EndProject
Project("{2150E333-8FDC-42A3-9474-1A3956D46DE8}") = "prepare", "prepare", "{C52088E7-4716-48E2-BC80-8029AA0747B1}"
EndProject
Project("{9A19103F-16F7-4668-BE54-9A1E7A4F7556}") = "Learning02", "prepare\Learning02\Learning02.csproj", "{EAA33161-7968-4F95-BEE6-D856B2E1B0DE}"
EndProject
Project("{9A19103F-16F7-4668-BE54-9A1E7A4F7556}") = "Learning03", "prepare\Learning03\Learning03.csproj", "{AA3F8EA7-1EE0-4963-A364-53BEC61D7577}"
EndProject
Project("{9A19103F-16F7-4668-BE54-9A1E7A4F7556}") = "Learning04", "prepare\Learning04\Learning04.csproj", "{64737E3A-2E2D-47E3-A733-2F74F5DAAC03}"
EndProject
Project("{9A19103F-16F7-4668-BE54-9A1E7A4F7556}") = "Learning05", "prepare\Learning05\Learning05.csproj", "{0EC0512E-7C62-48AC-819F-E308F1F1B09F}"
EndProject
Project("{2150E333-8FDC-42A3-9474-1A3956D46DE8}") = "prove", "prove", "{FD06AF36-5CBA-4599-B3B1-03EA2540E1DD}"
EndProject
Project("{9A19103F-16F7-4668-BE54-9A1E7A4F7556}") = "Develop02", "prove\Develop02\Develop02.csproj", "{2E5C1E6B-6884-47DC-9590-3A6654FED3DF}"
EndProject
Project("{9A19103F-16F7-4668-BE54-9A1E7A4F7556}") = "Develop03", "prove\Develop03\Develop03.csproj", "{356C6F8F-0622-42C6-9DD8-444BAEBA53CE}"
EndProject
Project("{9A19103F-16F7-4668-BE54-9A1E7A4F7556}") = "Develop04", "prove\Develop04\Develop04.csproj", "{B1AB987F-829D-4774-8BB9-9CD7E60907EC}"
EndProject
Project("{9A19103F-16F7-4668-BE54-9A1E7A4F7556}") = "Develop05", "prove\Develop05\Develop05.csproj", "{D5E7BB37-6631-441E-B71E-B497B2F590A1}"
EndProject
Project("{2150E333-8FDC-42A3-9474-1A3956D46DE8}") = "sandbox", "sandbox", "{59229EA4-9398-4367-A0CE-3C49785B27E6}"
EndProject
Project("{9A19103F-16F7-4668-BE54-9A1E7A4F7556}") = "Sandbox", "sandbox\Sandbox\Sandbox.csproj", "{CFFD6AEC-4A92-46A2-8FB1-5300ACFE663F}"
EndProject
Global
	GlobalSection(SolutionConfigurationPlatforms) = preSolution
		Debug|Any CPU = Debug|Any CPU
		Release|Any CPU = Release|Any CPU
	EndGlobalSection
	GlobalSection(ProjectConfigurationPlatforms) = postSolution
		{98F493A6-3F07-4CE8-8983-11EC0411A700}.Debug|Any CPU.ActiveCfg = Debug|Any CPU
		{98F493A6-3F07-4CE8-8983-11EC0411A700}.Debug|Any CPU.Build.0 = Debug|Any CPU
		{98F493A6-3F07-4CE8-8983-11EC0411A700}.Release|Any CPU.ActiveCfg = Release|Any CPU
		{98F493A6-3F07-4CE8-8983-11EC0411A700}.Release|Any CPU.Build.0 = Release|Any CPU
		{11D68812-24D8-4AEC-8CD0-21B36B5B79B8}.Debug|Any CPU.ActiveCfg = Debug|Any CPU
		{11D68812-24D8-4AEC-8CD0-21B36B5B79B8}.Debug|Any CPU.Build.0 = Debug|Any CPU
		{11D68812-24D8-4AEC-8CD0-21B36B5B79B8}.Release|Any CPU.ActiveCfg = Release|Any CPU
		{11D68812-24D8-4AEC-8CD0-21B36B5B79B8}.Release|Any CPU.Build.0 = Release|Any CPU
		{A2D32523-5691-4365-BC62-C5983DE78D8B}.Debug|Any CPU.ActiveCfg = Debug|Any CPU
		{A2D32523-5691-4365-BC62-C5983DE78D8B}.Debug|Any CPU.Build.0 = Debug|Any CPU
		{A2D32523-5691-4365-BC62-C5983DE78D8B}.Release|Any CPU.ActiveCfg = Release|Any CPU
		{A2D32523-5691-4365-BC62-C5983DE78D8B}.Release|Any CPU.Build.0 = Release|Any CPU
		{8AB189E9-DE77-4865-9381-E749B07D4FDE}.Debug|Any CPU.ActiveCfg = Debug|Any CPU
		{8AB189E9-DE77-4865-9381-E749B07D4FDE}.Debug|Any CPU.Build.0 = Debug|Any CPU
		{8AB189E9-DE77-4865-9381-E749B07D4FDE}.Release|Any CPU.ActiveCfg = Release|Any CPU
		{8AB189E9-DE77-4865-9381-E749B07D4FDE}.Release|Any CPU.Build.0 = Release|Any CPU
		{BAECEFA6-E749-42E6-8AA9-D4AD343CDABE}.Debug|Any CPU.ActiveCfg = Debug|Any CPU
		{BAECEFA6-E749-42E6-8AA9-D4AD343CDABE}.Debug|Any CPU.Build.0 = Debug|Any CPU
		{BAECEFA6-E749-42E6-8AA9-D4AD343CDABE}.Release|Any CPU.ActiveCfg = Release|Any CPU
		{BAECEFA6-E749-42E6-8AA9-D4AD343CDABE}.Release|Any CPU.Build.0 = Release|Any CPU
		{093CBA32-FF3D-41E7-9944-646C56DB7ACA}.Debug|Any CPU.ActiveCfg = Debug|Any CPU
		{093CBA32-FF3D-41E7-9944-646C56DB7ACA}.Debug|Any CPU.Build.0 = Debug|Any CPU
		{093CBA32-FF3D-41E7-9944-646C56DB7ACA}.Release|Any CPU.ActiveCfg = Release|Any CPU
		{093CBA32-FF3D-41E7-9944-646C56DB7ACA}.Release|Any CPU.Build.0 = Release|Any CPU
		{D604E3FB-C3A7-47B6-9BB2-85B94BCD38C1}.Debug|Any CPU.ActiveCfg = Debug|Any CPU
		{D604E3FB-C3A7-47B6-9BB2-85B94BCD38C1}.Debug|Any CPU.Build.0 = Debug|Any CPU
		{D604E3FB-C3A7-47B6-9BB2-85B94BCD38C1}.Release|Any CPU.ActiveCfg = Release|Any CPU
		{D604E3FB-C3A7-47B6-9BB2-85B94BCD38C1}.Release|Any CPU.Build.0 = Release|Any CPU
		{3234C164-B8CF-468A-AF31-B6FC5C582BC9}.Debug|Any CPU.ActiveCfg = Debug|Any CPU
		{3234C164-B8CF-468A-AF31-B6FC5C582BC9}.Debug|Any CPU.Build.0 = Debug|Any CPU
		{3234C164-B8CF-468A-AF31-B6FC5C582BC9}.Release|Any CPU.ActiveCfg = Release|Any CPU
		{3234C164-B8CF-468A-AF31-B6FC5C582BC9}.Release|Any CPU.Build.0 = Release|Any CPU
		{F1969594-E2D7-4354-A511-B735CFB2665C}.Debug|Any CPU.ActiveCfg = Debug|Any CPU
		{F1969594-E2D7-4354-A511-B735CFB2665C}.Debug|Any CPU.Build.0 = Debug|Any CPU
		{F1969594-E2D7-4354-A511-B735CFB2665C}.Release|Any CPU.ActiveCfg = Release|Any CPU
		{F1969594-E2D7-4354-A511-B735CFB2665C}.Release|Any CPU.Build.0 = Release|Any CPU
		{582A8E1A-80A6-44C5-A29F-006EC18D1EF4}.Debug|Any CPU.ActiveCfg = Debug|Any CPU
		{582A8E1A-80A6-44C5-A29F-006EC18D1EF4}.Debug|Any CPU.Build.0 = Debug|Any CPU
		{582A8E1A-80A6-44C5-A29F-006EC18D1EF4}.Release|Any CPU.ActiveCfg = Release|Any CPU
		{582A8E1A-80A6-44C5-A29F-006EC18D1EF4}.Release|Any CPU.Build.0 = Release|Any CPU
		{EAA33161-7968-4F95-BEE6-D856B2E1B0DE}.Debug|Any CPU.ActiveCfg = Debug|Any CPU
		{EAA33161-7968-4F95-BEE6-D856B2E1B0DE}.Debug|Any CPU.Build.0 = Debug|Any CPU
		{EAA33161-7968-4F95-BEE6-D856B2E1B0DE}.Release|Any CPU.ActiveCfg = Release|Any CPU
		{EAA33161-7968-4F95-BEE6-D856B2E1B0DE}.Release|Any CPU.Build.0 = Release|Any CPU
		{AA3F8EA7-1EE0-4963-A364-53BEC61D7577}.Debug|Any CPU.ActiveCfg = Debug|Any CPU
		{AA3F8EA7-1EE0-4963-A364-53BEC61D7577}.Debug|Any CPU.Build.0 = Debug|Any CPU
		{AA3F8EA7-1EE0-4963-A364-53BEC61D7577}.Release|Any CPU.ActiveCfg = Release|Any CPU
		{AA3F8EA7-1EE0-4963-A364-53BEC61D7577}.Release|Any CPU.Build.0 = Release|Any CPU
		{64737E3A-2E2D-47E3-A733-2F74F5DAAC03}.Debug|Any CPU.ActiveCfg = Debug|Any CPU
		{64737E3A-2E2D-47E3-A733-2F74F5DAAC03}.Debug|Any CPU.Build.0 = Debug|Any CPU
		{64737E3A-2E2D-47E3-A733-2F74F5DAAC03}.Release|Any CPU.ActiveCfg = Release|Any CPU
		{64737E3A-2E2D-47E3-A733-2F74F5DAAC03}.Release|Any CPU.Build.0 = Release|Any CPU
		{0EC0512E-7C62-48AC-819F-E308F1F1B09F}.Debug|Any CPU.ActiveCfg = Debug|Any CPU
		{0EC0512E-7C62-48AC-819F-E308F1F1B09F}.Debug|Any CPU.Build.0 = Debug|Any CPU
		{0EC0512E-7C62-48AC-819F-E308F1F1B09F}.Release|Any CPU.ActiveCfg = Release|Any CPU
		{0EC0512E-7C62-48AC-819F-E308F1F1B09F}.Release|Any CPU.Build.0 = Release|Any CPU
		{2E5C1E6B-6884-47DC-9590-3A6654FED3DF}.Debug|Any CPU.ActiveCfg = Debug|Any CPU
		{2E5C1E6B-6884-47DC-9590-3A6654FED3DF}.Debug|Any CPU.Build.0 = Debug|Any CPU
		{2E5C1E6B-6884-47DC-9590-3A6654FED3DF}.Release|Any CPU.ActiveCfg = Release|Any CPU
		{2E5C1E6B-6884-47DC-9590-3A6654FED3DF}.Release|Any CPU.Build.0 = Release|Any CPU
		{356C6F8F-0622-42C6-9DD8-444BAEBA53CE}.Debug|Any CPU.ActiveCfg = Debug|Any CPU
		{356C6F8F-0622-42C6-9DD8-444BAEBA53CE}.Debug|Any CPU.Build.0 = Debug|Any CPU
		{356C6F8F-0622-42C6-9DD8-444BAEBA53CE}.Release|Any CPU.ActiveCfg = Release|Any CPU
		{356C6F8F-0622-42C6-9DD8-444BAEBA53CE}.Release|Any CPU.Build.0 = Release|Any CPU
		{B1AB987F-829D-4774-8BB9-9CD7E60907EC}.Debug|Any CPU.ActiveCfg = Debug|Any CPU
		{B1AB987F-829D-4774-8BB9-9CD7E60907EC}.Debug|Any CPU.Build.0 = Debug|Any CPU
		{B1AB987F-829D-4774-8BB9-9CD7E60907EC}.Release|Any CPU.ActiveCfg = Release|Any CPU
		{B1AB987F-829D-4774-8BB9-9CD7E60907EC}.Release|Any CPU.Build.0 = Release|Any CPU
		{D5E7BB37-6631-441E-B71E-B497B2F590A1}.Debug|Any CPU.ActiveCfg = Debug|Any CPU
		{D5E7BB37-6631-441E-B71E-B497B2F590A1}.Debug|Any CPU.Build.0 = Debug|Any CPU
		{D5E7BB37-6631-441E-B71E-B497B2F590A1}.Release|Any CPU.ActiveCfg = Release|Any CPU
		{D5E7BB37-6631-441E-B71E-B497B2F590A1}.Release|Any CPU.Build.0 = Release|Any CPU
		{CFFD6AEC-4A92-46A2-8FB1-5300ACFE663F}.Debug|Any CPU.ActiveCfg = Debug|Any CPU
		{CFFD6AEC-4A92-46A2-8FB1-5300ACFE663F}.Debug|Any CPU.Build.0 = Debug|Any CPU
		{CFFD6AEC-4A92-46A2-8FB1-5300ACFE663F}.Release|Any CPU.ActiveCfg = Release|Any CPU
		{CFFD6AEC-4A92-46A2-8FB1-5300ACFE663F}.Release|Any CPU.Build.0 = Release|Any CPU
	EndGlobalSection
	GlobalSection(SolutionProperties) = preSolution
		HideSolutionNode = FALSE
	EndGlobalSection
	GlobalSection(NestedProjects) = preSolution
		{98F493A6-3F07-4CE8-8983-11EC0411A700} = {244E88F4-DD41-4EBE-A9D6-0892BEBC7BC1}
		{11D68812-24D8-4AEC-8CD0-21B36B5B79B8} = {244E88F4-DD41-4EBE-A9D6-0892BEBC7BC1}
		{A2D32523-5691-4365-BC62-C5983DE78D8B} = {244E88F4-DD41-4EBE-A9D6-0892BEBC7BC1}
		{8AB189E9-DE77-4865-9381-E749B07D4FDE} = {244E88F4-DD41-4EBE-A9D6-0892BEBC7BC1}
		{BAECEFA6-E749-42E6-8AA9-D4AD343CDABE} = {244E88F4-DD41-4EBE-A9D6-0892BEBC7BC1}
		{093CBA32-FF3D-41E7-9944-646C56DB7ACA} = {CD75FDB6-4DD7-4C11-8207-FE609E5A53BF}
		{D604E3FB-C3A7-47B6-9BB2-85B94BCD38C1} = {CD75FDB6-4DD7-4C11-8207-FE609E5A53BF}
		{3234C164-B8CF-468A-AF31-B6FC5C582BC9} = {CD75FDB6-4DD7-4C11-8207-FE609E5A53BF}
		{F1969594-E2D7-4354-A511-B735CFB2665C} = {CD75FDB6-4DD7-4C11-8207-FE609E5A53BF}
		{582A8E1A-80A6-44C5-A29F-006EC18D1EF4} = {CD75FDB6-4DD7-4C11-8207-FE609E5A53BF}
		{EAA33161-7968-4F95-BEE6-D856B2E1B0DE} = {C52088E7-4716-48E2-BC80-8029AA0747B1}
		{AA3F8EA7-1EE0-4963-A364-53BEC61D7577} = {C52088E7-4716-48E2-BC80-8029AA0747B1}
		{64737E3A-2E2D-47E3-A733-2F74F5DAAC03} = {C52088E7-4716-48E2-BC80-8029AA0747B1}
		{0EC0512E-7C62-48AC-819F-E308F1F1B09F} = {C52088E7-4716-48E2-BC80-8029AA0747B1}
		{2E5C1E6B-6884-47DC-9590-3A6654FED3DF} = {FD06AF36-5CBA-4599-B3B1-03EA2540E1DD}
		{356C6F8F-0622-42C6-9DD8-444BAEBA53CE} = {FD06AF36-5CBA-4599-B3B1-03EA2540E1DD}
		{B1AB987F-829D-4774-8BB9-9CD7E60907EC} = {FD06AF36-5CBA-4599-B3B1-03EA2540E1DD}
		{D5E7BB37-6631-441E-B71E-B497B2F590A1} = {FD06AF36-5CBA-4599-B3B1-03EA2540E1DD}
		{CFFD6AEC-4A92-46A2-8FB1-5300ACFE663F} = {59229EA4-9398-4367-A0CE-3C49785B27E6}
	EndGlobalSection
	GlobalSection(ExtensibilityGlobals) = postSolution
		SolutionGuid = {29A22BCD-FB08-4811-9DA3-B9446D9B4F70}
	EndGlobalSection
EndGlobal
